
Microsoft Visual Studio Solution File, Format Version 12.00
# Visual Studio Version 17
VisualStudioVersion = 17.6.33723.286
MinimumVisualStudioVersion = 10.0.40219.1
Project("{9A19103F-16F7-4668-BE54-9A1E7A4F7556}") = "BasketOrderServiceApp.OrderService", "BasketOrderServiceApp.OrderService\BasketOrderServiceApp.OrderService.csproj", "{5ADC1E2E-6B26-4250-9612-15552579CC6D}"
EndProject
Project("{9A19103F-16F7-4668-BE54-9A1E7A4F7556}") = "BasketOrderServiceApp.BasketService", "BasketOrderServiceApp.BasketService\BasketOrderServiceApp.BasketService.csproj", "{6895F4AE-5316-4A92-985D-A065C7529CFC}"
EndProject
Project("{9A19103F-16F7-4668-BE54-9A1E7A4F7556}") = "BasketOrderServiceApp.APIGateway", "BasketOrderServiceApp.APIGateway\BasketOrderServiceApp.APIGateway.csproj", "{6AE00715-458A-45B8-A33A-F44A117E6BE8}"
EndProject
Project("{9A19103F-16F7-4668-BE54-9A1E7A4F7556}") = "BasketOrderServiceApp.Common", "BasketOrderServiceApp.Common\BasketOrderServiceApp.Common.csproj", "{4E16A51C-5271-4C40-A235-C5C69EFF241D}"
EndProject
Project("{E53339B2-1760-4266-BCC7-CA923CBCF16C}") = "docker-compose", "docker-compose.dcproj", "{9029AE1B-3C36-4B7A-8332-07416FDC9CCC}"
EndProject
Global
	GlobalSection(SolutionConfigurationPlatforms) = preSolution
		Debug|Any CPU = Debug|Any CPU
		Release|Any CPU = Release|Any CPU
	EndGlobalSection
	GlobalSection(ProjectConfigurationPlatforms) = postSolution
		{5ADC1E2E-6B26-4250-9612-15552579CC6D}.Debug|Any CPU.ActiveCfg = Debug|Any CPU
		{5ADC1E2E-6B26-4250-9612-15552579CC6D}.Debug|Any CPU.Build.0 = Debug|Any CPU
		{5ADC1E2E-6B26-4250-9612-15552579CC6D}.Release|Any CPU.ActiveCfg = Release|Any CPU
		{5ADC1E2E-6B26-4250-9612-15552579CC6D}.Release|Any CPU.Build.0 = Release|Any CPU
		{6895F4AE-5316-4A92-985D-A065C7529CFC}.Debug|Any CPU.ActiveCfg = Debug|Any CPU
		{6895F4AE-5316-4A92-985D-A065C7529CFC}.Debug|Any CPU.Build.0 = Debug|Any CPU
		{6895F4AE-5316-4A92-985D-A065C7529CFC}.Release|Any CPU.ActiveCfg = Release|Any CPU
		{6895F4AE-5316-4A92-985D-A065C7529CFC}.Release|Any CPU.Build.0 = Release|Any CPU
		{6AE00715-458A-45B8-A33A-F44A117E6BE8}.Debug|Any CPU.ActiveCfg = Debug|Any CPU
		{6AE00715-458A-45B8-A33A-F44A117E6BE8}.Debug|Any CPU.Build.0 = Debug|Any CPU
		{6AE00715-458A-45B8-A33A-F44A117E6BE8}.Release|Any CPU.ActiveCfg = Release|Any CPU
		{6AE00715-458A-45B8-A33A-F44A117E6BE8}.Release|Any CPU.Build.0 = Release|Any CPU
		{4E16A51C-5271-4C40-A235-C5C69EFF241D}.Debug|Any CPU.ActiveCfg = Debug|Any CPU
		{4E16A51C-5271-4C40-A235-C5C69EFF241D}.Debug|Any CPU.Build.0 = Debug|Any CPU
		{4E16A51C-5271-4C40-A235-C5C69EFF241D}.Release|Any CPU.ActiveCfg = Release|Any CPU
		{4E16A51C-5271-4C40-A235-C5C69EFF241D}.Release|Any CPU.Build.0 = Release|Any CPU
		{9029AE1B-3C36-4B7A-8332-07416FDC9CCC}.Debug|Any CPU.ActiveCfg = Debug|Any CPU
		{9029AE1B-3C36-4B7A-8332-07416FDC9CCC}.Debug|Any CPU.Build.0 = Debug|Any CPU
		{9029AE1B-3C36-4B7A-8332-07416FDC9CCC}.Release|Any CPU.ActiveCfg = Release|Any CPU
		{9029AE1B-3C36-4B7A-8332-07416FDC9CCC}.Release|Any CPU.Build.0 = Release|Any CPU
	EndGlobalSection
	GlobalSection(SolutionProperties) = preSolution
		HideSolutionNode = FALSE
	EndGlobalSection
	GlobalSection(ExtensibilityGlobals) = postSolution
		SolutionGuid = {19B8B92B-CF54-43DE-BC57-A1697AE96B04}
	EndGlobalSection
EndGlobal
